// !$*UTF8*$!
{
	archiveVersion = 1;
	classes = {
	};
	objectVersion = 50;
	objects = {

/* Begin PBXBuildFile section */
		3F1265DF2233CBF70080221F /* WeatherController.swift in Sources */ = {isa = PBXBuildFile; fileRef = 3F1265DE2233CBF70080221F /* WeatherController.swift */; };
		3F1265E12233CE970080221F /* Weather.swift in Sources */ = {isa = PBXBuildFile; fileRef = 3F1265E02233CE970080221F /* Weather.swift */; };
		3F1265E322340AF90080221F /* MapController.swift in Sources */ = {isa = PBXBuildFile; fileRef = 3F1265E222340AF90080221F /* MapController.swift */; };
		3F23E9D1223BA03900D0B447 /* TripsController.swift in Sources */ = {isa = PBXBuildFile; fileRef = 3F23E9D0223BA03900D0B447 /* TripsController.swift */; };
		3F23E9D3223BA0D000D0B447 /* Trip.swift in Sources */ = {isa = PBXBuildFile; fileRef = 3F23E9D2223BA0D000D0B447 /* Trip.swift */; };
		3F23E9E1223BE04800D0B447 /* Trips.swift in Sources */ = {isa = PBXBuildFile; fileRef = 3F23E9E0223BE04800D0B447 /* Trips.swift */; };
		3F397622223D0D6A0032F80B /* TripsCell.swift in Sources */ = {isa = PBXBuildFile; fileRef = 3F397621223D0D6A0032F80B /* TripsCell.swift */; };
		3F397624223D1AAC0032F80B /* TripAddController.swift in Sources */ = {isa = PBXBuildFile; fileRef = 3F397623223D1AAC0032F80B /* TripAddController.swift */; };
		3F397626223D2DEE0032F80B /* CategoryPickerController.swift in Sources */ = {isa = PBXBuildFile; fileRef = 3F397625223D2DEE0032F80B /* CategoryPickerController.swift */; };
		3F9CC97D2243908F0012EC9C /* ProductListController.swift in Sources */ = {isa = PBXBuildFile; fileRef = 3F9CC97C2243908F0012EC9C /* ProductListController.swift */; };
		3FB32F1522293DBA0047E4F3 /* AppDelegate.swift in Sources */ = {isa = PBXBuildFile; fileRef = 3FB32F1422293DBA0047E4F3 /* AppDelegate.swift */; };
		3FB32F1722293DBA0047E4F3 /* ViewController.swift in Sources */ = {isa = PBXBuildFile; fileRef = 3FB32F1622293DBA0047E4F3 /* ViewController.swift */; };
		3FB32F1A22293DBA0047E4F3 /* Main.storyboard in Resources */ = {isa = PBXBuildFile; fileRef = 3FB32F1822293DBA0047E4F3 /* Main.storyboard */; };
		3FB32F1C22293DBB0047E4F3 /* Assets.xcassets in Resources */ = {isa = PBXBuildFile; fileRef = 3FB32F1B22293DBB0047E4F3 /* Assets.xcassets */; };
		3FB32F1F22293DBB0047E4F3 /* LaunchScreen.storyboard in Resources */ = {isa = PBXBuildFile; fileRef = 3FB32F1D22293DBB0047E4F3 /* LaunchScreen.storyboard */; };
		3FB32F2A22293DBB0047E4F3 /* DUOTests.swift in Sources */ = {isa = PBXBuildFile; fileRef = 3FB32F2922293DBB0047E4F3 /* DUOTests.swift */; };
		3FB32F3522293DBB0047E4F3 /* DUOUITests.swift in Sources */ = {isa = PBXBuildFile; fileRef = 3FB32F3422293DBB0047E4F3 /* DUOUITests.swift */; };
		3FB9120E225DDEA700F99A13 /* Database.swift in Sources */ = {isa = PBXBuildFile; fileRef = 3FB9120D225DDEA700F99A13 /* Database.swift */; };
		3FB91280225E4BE000F99A13 /* SQLite.framework in Frameworks */ = {isa = PBXBuildFile; fileRef = 3FB91273225E4BD600F99A13 /* SQLite.framework */; };
		3FB9128A225E4C4100F99A13 /* SQLite.framework in Frameworks */ = {isa = PBXBuildFile; fileRef = 3FB91273225E4BD600F99A13 /* SQLite.framework */; };
		3FB9128B225E4C4100F99A13 /* SQLite.framework in Embed Frameworks */ = {isa = PBXBuildFile; fileRef = 3FB91273225E4BD600F99A13 /* SQLite.framework */; settings = {ATTRIBUTES = (CodeSignOnCopy, RemoveHeadersOnCopy, ); }; };
		3FB91290225E4D5F00F99A13 /* CountryListController.swift in Sources */ = {isa = PBXBuildFile; fileRef = 3FB9128F225E4D5F00F99A13 /* CountryListController.swift */; };
		3FCEF4572244DA9A008B3F74 /* TripDetailsController.swift in Sources */ = {isa = PBXBuildFile; fileRef = 3FCEF4562244DA9A008B3F74 /* TripDetailsController.swift */; };
		3FCEF459224501FD008B3F74 /* CityPickerController.swift in Sources */ = {isa = PBXBuildFile; fileRef = 3FCEF458224501FD008B3F74 /* CityPickerController.swift */; };
		83121203225CDCA000552F95 /* MapKit.framework in Frameworks */ = {isa = PBXBuildFile; fileRef = 83121202225CDCA000552F95 /* MapKit.framework */; };
/* End PBXBuildFile section */

/* Begin PBXContainerItemProxy section */
		3FB32F2622293DBB0047E4F3 /* PBXContainerItemProxy */ = {
			isa = PBXContainerItemProxy;
			containerPortal = 3FB32F0922293DBA0047E4F3 /* Project object */;
			proxyType = 1;
			remoteGlobalIDString = 3FB32F1022293DBA0047E4F3;
			remoteInfo = DUO;
		};
		3FB32F3122293DBB0047E4F3 /* PBXContainerItemProxy */ = {
			isa = PBXContainerItemProxy;
			containerPortal = 3FB32F0922293DBA0047E4F3 /* Project object */;
			proxyType = 1;
			remoteGlobalIDString = 3FB32F1022293DBA0047E4F3;
			remoteInfo = DUO;
		};
		3FB91272225E4BD600F99A13 /* PBXContainerItemProxy */ = {
			isa = PBXContainerItemProxy;
			containerPortal = 3FB91268225E4BD600F99A13 /* SQLite.xcodeproj */;
			proxyType = 2;
			remoteGlobalIDString = EE247AD31C3F04ED00AE3E12;
			remoteInfo = "SQLite iOS";
		};
		3FB91274225E4BD600F99A13 /* PBXContainerItemProxy */ = {
			isa = PBXContainerItemProxy;
			containerPortal = 3FB91268225E4BD600F99A13 /* SQLite.xcodeproj */;
			proxyType = 2;
			remoteGlobalIDString = EE247ADD1C3F04ED00AE3E12;
			remoteInfo = "SQLiteTests iOS";
		};
		3FB91276225E4BD600F99A13 /* PBXContainerItemProxy */ = {
			isa = PBXContainerItemProxy;
			containerPortal = 3FB91268225E4BD600F99A13 /* SQLite.xcodeproj */;
			proxyType = 2;
			remoteGlobalIDString = EE247B3C1C3F3ED000AE3E12;
			remoteInfo = "SQLite Mac";
		};
		3FB91278225E4BD600F99A13 /* PBXContainerItemProxy */ = {
			isa = PBXContainerItemProxy;
			containerPortal = 3FB91268225E4BD600F99A13 /* SQLite.xcodeproj */;
			proxyType = 2;
			remoteGlobalIDString = EE247B451C3F3ED000AE3E12;
			remoteInfo = "SQLiteTests Mac";
		};
		3FB9127A225E4BD600F99A13 /* PBXContainerItemProxy */ = {
			isa = PBXContainerItemProxy;
			containerPortal = 3FB91268225E4BD600F99A13 /* SQLite.xcodeproj */;
			proxyType = 2;
			remoteGlobalIDString = 03A65E5A1C6BB0F50062603F;
			remoteInfo = "SQLite tvOS";
		};
		3FB9127C225E4BD600F99A13 /* PBXContainerItemProxy */ = {
			isa = PBXContainerItemProxy;
			containerPortal = 3FB91268225E4BD600F99A13 /* SQLite.xcodeproj */;
			proxyType = 2;
			remoteGlobalIDString = 03A65E631C6BB0F60062603F;
			remoteInfo = "SQLiteTests tvOS";
		};
		3FB9127E225E4BD600F99A13 /* PBXContainerItemProxy */ = {
			isa = PBXContainerItemProxy;
			containerPortal = 3FB91268225E4BD600F99A13 /* SQLite.xcodeproj */;
			proxyType = 2;
			remoteGlobalIDString = A121AC451CA35C79005A31D1;
			remoteInfo = "SQLite watchOS";
		};
		3FB9128C225E4C4100F99A13 /* PBXContainerItemProxy */ = {
			isa = PBXContainerItemProxy;
			containerPortal = 3FB91268225E4BD600F99A13 /* SQLite.xcodeproj */;
			proxyType = 1;
			remoteGlobalIDString = EE247AD21C3F04ED00AE3E12;
			remoteInfo = "SQLite iOS";
		};
/* End PBXContainerItemProxy section */

/* Begin PBXCopyFilesBuildPhase section */
		3FB9128E225E4C4100F99A13 /* Embed Frameworks */ = {
			isa = PBXCopyFilesBuildPhase;
			buildActionMask = 2147483647;
			dstPath = "";
			dstSubfolderSpec = 10;
			files = (
				3FB9128B225E4C4100F99A13 /* SQLite.framework in Embed Frameworks */,
			);
			name = "Embed Frameworks";
			runOnlyForDeploymentPostprocessing = 0;
		};
/* End PBXCopyFilesBuildPhase section */

/* Begin PBXFileReference section */
		3F1265DE2233CBF70080221F /* WeatherController.swift */ = {isa = PBXFileReference; lastKnownFileType = sourcecode.swift; path = WeatherController.swift; sourceTree = "<group>"; };
		3F1265E02233CE970080221F /* Weather.swift */ = {isa = PBXFileReference; fileEncoding = 4; lastKnownFileType = sourcecode.swift; path = Weather.swift; sourceTree = "<group>"; };
		3F1265E222340AF90080221F /* MapController.swift */ = {isa = PBXFileReference; lastKnownFileType = sourcecode.swift; path = MapController.swift; sourceTree = "<group>"; };
		3F23E9D0223BA03900D0B447 /* TripsController.swift */ = {isa = PBXFileReference; lastKnownFileType = sourcecode.swift; path = TripsController.swift; sourceTree = "<group>"; };
		3F23E9D2223BA0D000D0B447 /* Trip.swift */ = {isa = PBXFileReference; lastKnownFileType = sourcecode.swift; path = Trip.swift; sourceTree = "<group>"; };
		3F23E9E0223BE04800D0B447 /* Trips.swift */ = {isa = PBXFileReference; lastKnownFileType = sourcecode.swift; path = Trips.swift; sourceTree = "<group>"; };
		3F397621223D0D6A0032F80B /* TripsCell.swift */ = {isa = PBXFileReference; lastKnownFileType = sourcecode.swift; path = TripsCell.swift; sourceTree = "<group>"; };
		3F397623223D1AAC0032F80B /* TripAddController.swift */ = {isa = PBXFileReference; lastKnownFileType = sourcecode.swift; path = TripAddController.swift; sourceTree = "<group>"; };
		3F397625223D2DEE0032F80B /* CategoryPickerController.swift */ = {isa = PBXFileReference; lastKnownFileType = sourcecode.swift; path = CategoryPickerController.swift; sourceTree = "<group>"; };
		3F9CC97C2243908F0012EC9C /* ProductListController.swift */ = {isa = PBXFileReference; lastKnownFileType = sourcecode.swift; path = ProductListController.swift; sourceTree = "<group>"; };
		3FB32F1122293DBA0047E4F3 /* DUO.app */ = {isa = PBXFileReference; explicitFileType = wrapper.application; includeInIndex = 0; path = DUO.app; sourceTree = BUILT_PRODUCTS_DIR; };
		3FB32F1422293DBA0047E4F3 /* AppDelegate.swift */ = {isa = PBXFileReference; lastKnownFileType = sourcecode.swift; path = AppDelegate.swift; sourceTree = "<group>"; };
		3FB32F1622293DBA0047E4F3 /* ViewController.swift */ = {isa = PBXFileReference; lastKnownFileType = sourcecode.swift; path = ViewController.swift; sourceTree = "<group>"; };
		3FB32F1922293DBA0047E4F3 /* Base */ = {isa = PBXFileReference; lastKnownFileType = file.storyboard; name = Base; path = Base.lproj/Main.storyboard; sourceTree = "<group>"; };
		3FB32F1B22293DBB0047E4F3 /* Assets.xcassets */ = {isa = PBXFileReference; lastKnownFileType = folder.assetcatalog; path = Assets.xcassets; sourceTree = "<group>"; };
		3FB32F1E22293DBB0047E4F3 /* Base */ = {isa = PBXFileReference; lastKnownFileType = file.storyboard; name = Base; path = Base.lproj/LaunchScreen.storyboard; sourceTree = "<group>"; };
		3FB32F2022293DBB0047E4F3 /* Info.plist */ = {isa = PBXFileReference; lastKnownFileType = text.plist.xml; path = Info.plist; sourceTree = "<group>"; };
		3FB32F2522293DBB0047E4F3 /* DUOTests.xctest */ = {isa = PBXFileReference; explicitFileType = wrapper.cfbundle; includeInIndex = 0; path = DUOTests.xctest; sourceTree = BUILT_PRODUCTS_DIR; };
		3FB32F2922293DBB0047E4F3 /* DUOTests.swift */ = {isa = PBXFileReference; lastKnownFileType = sourcecode.swift; path = DUOTests.swift; sourceTree = "<group>"; };
		3FB32F2B22293DBB0047E4F3 /* Info.plist */ = {isa = PBXFileReference; lastKnownFileType = text.plist.xml; path = Info.plist; sourceTree = "<group>"; };
		3FB32F3022293DBB0047E4F3 /* DUOUITests.xctest */ = {isa = PBXFileReference; explicitFileType = wrapper.cfbundle; includeInIndex = 0; path = DUOUITests.xctest; sourceTree = BUILT_PRODUCTS_DIR; };
		3FB32F3422293DBB0047E4F3 /* DUOUITests.swift */ = {isa = PBXFileReference; lastKnownFileType = sourcecode.swift; path = DUOUITests.swift; sourceTree = "<group>"; };
		3FB32F3622293DBB0047E4F3 /* Info.plist */ = {isa = PBXFileReference; lastKnownFileType = text.plist.xml; path = Info.plist; sourceTree = "<group>"; };
		3FB9120D225DDEA700F99A13 /* Database.swift */ = {isa = PBXFileReference; lastKnownFileType = sourcecode.swift; path = Database.swift; sourceTree = "<group>"; };
		3FB91268225E4BD600F99A13 /* SQLite.xcodeproj */ = {isa = PBXFileReference; lastKnownFileType = "wrapper.pb-project"; name = SQLite.xcodeproj; path = "../../../../Downloads/SQLite-2.swift-master/SQLite.xcodeproj"; sourceTree = "<group>"; };
		3FB9128F225E4D5F00F99A13 /* CountryListController.swift */ = {isa = PBXFileReference; fileEncoding = 4; lastKnownFileType = sourcecode.swift; name = CountryListController.swift; path = "../../../../../Documents/Repository/ios_development/DUO App/DUO/CountryListController.swift"; sourceTree = "<group>"; };
		3FCEF4562244DA9A008B3F74 /* TripDetailsController.swift */ = {isa = PBXFileReference; lastKnownFileType = sourcecode.swift; path = TripDetailsController.swift; sourceTree = "<group>"; };
		3FCEF458224501FD008B3F74 /* CityPickerController.swift */ = {isa = PBXFileReference; lastKnownFileType = sourcecode.swift; path = CityPickerController.swift; sourceTree = "<group>"; };
		83121202225CDCA000552F95 /* MapKit.framework */ = {isa = PBXFileReference; lastKnownFileType = wrapper.framework; name = MapKit.framework; path = System/Library/Frameworks/MapKit.framework; sourceTree = SDKROOT; };
		83121223225E17D500552F95 /* DUO.entitlements */ = {isa = PBXFileReference; lastKnownFileType = text.plist.entitlements; path = DUO.entitlements; sourceTree = "<group>"; };
/* End PBXFileReference section */

/* Begin PBXFrameworksBuildPhase section */
		3FB32F0E22293DBA0047E4F3 /* Frameworks */ = {
			isa = PBXFrameworksBuildPhase;
			buildActionMask = 2147483647;
			files = (
				3FB91280225E4BE000F99A13 /* SQLite.framework in Frameworks */,
				83121203225CDCA000552F95 /* MapKit.framework in Frameworks */,
				3FB9128A225E4C4100F99A13 /* SQLite.framework in Frameworks */,
			);
			runOnlyForDeploymentPostprocessing = 0;
		};
		3FB32F2222293DBB0047E4F3 /* Frameworks */ = {
			isa = PBXFrameworksBuildPhase;
			buildActionMask = 2147483647;
			files = (
			);
			runOnlyForDeploymentPostprocessing = 0;
		};
		3FB32F2D22293DBB0047E4F3 /* Frameworks */ = {
			isa = PBXFrameworksBuildPhase;
			buildActionMask = 2147483647;
			files = (
			);
			runOnlyForDeploymentPostprocessing = 0;
		};
/* End PBXFrameworksBuildPhase section */

/* Begin PBXGroup section */
		3FB32F0822293DBA0047E4F3 = {
			isa = PBXGroup;
			children = (
				3FB91268225E4BD600F99A13 /* SQLite.xcodeproj */,
				3FB32F1322293DBA0047E4F3 /* DUO */,
				3FB32F2822293DBB0047E4F3 /* DUOTests */,
				3FB32F3322293DBB0047E4F3 /* DUOUITests */,
				3FB32F1222293DBA0047E4F3 /* Products */,
				83121201225CDCA000552F95 /* Frameworks */,
			);
			sourceTree = "<group>";
		};
		3FB32F1222293DBA0047E4F3 /* Products */ = {
			isa = PBXGroup;
			children = (
				3FB32F1122293DBA0047E4F3 /* DUO.app */,
				3FB32F2522293DBB0047E4F3 /* DUOTests.xctest */,
				3FB32F3022293DBB0047E4F3 /* DUOUITests.xctest */,
			);
			name = Products;
			sourceTree = "<group>";
		};
		3FB32F1322293DBA0047E4F3 /* DUO */ = {
			isa = PBXGroup;
			children = (
				83121223225E17D500552F95 /* DUO.entitlements */,
				3FB32F1422293DBA0047E4F3 /* AppDelegate.swift */,
				3F1265DE2233CBF70080221F /* WeatherController.swift */,
				3FB32F1622293DBA0047E4F3 /* ViewController.swift */,
				3F1265E02233CE970080221F /* Weather.swift */,
				3FB32F1822293DBA0047E4F3 /* Main.storyboard */,
				3F1265E222340AF90080221F /* MapController.swift */,
				3FB32F1B22293DBB0047E4F3 /* Assets.xcassets */,
				3FB32F1D22293DBB0047E4F3 /* LaunchScreen.storyboard */,
				3FB32F2022293DBB0047E4F3 /* Info.plist */,
				3F23E9D0223BA03900D0B447 /* TripsController.swift */,
				3F397621223D0D6A0032F80B /* TripsCell.swift */,
				3F23E9D2223BA0D000D0B447 /* Trip.swift */,
				3F23E9E0223BE04800D0B447 /* Trips.swift */,
				3F397623223D1AAC0032F80B /* TripAddController.swift */,
				3F397625223D2DEE0032F80B /* CategoryPickerController.swift */,
				3FB9128F225E4D5F00F99A13 /* CountryListController.swift */,
				3F9CC97C2243908F0012EC9C /* ProductListController.swift */,
				3FCEF4562244DA9A008B3F74 /* TripDetailsController.swift */,
				3FCEF458224501FD008B3F74 /* CityPickerController.swift */,
				3FB9120D225DDEA700F99A13 /* Database.swift */,
			);
			path = DUO;
			sourceTree = "<group>";
		};
		3FB32F2822293DBB0047E4F3 /* DUOTests */ = {
			isa = PBXGroup;
			children = (
				3FB32F2922293DBB0047E4F3 /* DUOTests.swift */,
				3FB32F2B22293DBB0047E4F3 /* Info.plist */,
			);
			path = DUOTests;
			sourceTree = "<group>";
		};
		3FB32F3322293DBB0047E4F3 /* DUOUITests */ = {
			isa = PBXGroup;
			children = (
				3FB32F3422293DBB0047E4F3 /* DUOUITests.swift */,
				3FB32F3622293DBB0047E4F3 /* Info.plist */,
			);
			path = DUOUITests;
			sourceTree = "<group>";
		};
		3FB91269225E4BD600F99A13 /* Products */ = {
			isa = PBXGroup;
			children = (
				3FB91273225E4BD600F99A13 /* SQLite.framework */,
				3FB91275225E4BD600F99A13 /* SQLiteTests iOS.xctest */,
				3FB91277225E4BD600F99A13 /* SQLite.framework */,
				3FB91279225E4BD600F99A13 /* SQLiteTests Mac.xctest */,
				3FB9127B225E4BD600F99A13 /* SQLite.framework */,
				3FB9127D225E4BD600F99A13 /* SQLiteTests tvOS.xctest */,
				3FB9127F225E4BD600F99A13 /* SQLite.framework */,
			);
			name = Products;
			sourceTree = "<group>";
		};
		83121201225CDCA000552F95 /* Frameworks */ = {
			isa = PBXGroup;
			children = (
				83121202225CDCA000552F95 /* MapKit.framework */,
			);
			name = Frameworks;
			sourceTree = "<group>";
		};
/* End PBXGroup section */

/* Begin PBXNativeTarget section */
		3FB32F1022293DBA0047E4F3 /* DUO */ = {
			isa = PBXNativeTarget;
			buildConfigurationList = 3FB32F3922293DBB0047E4F3 /* Build configuration list for PBXNativeTarget "DUO" */;
			buildPhases = (
				3FB32F0D22293DBA0047E4F3 /* Sources */,
				3FB32F0E22293DBA0047E4F3 /* Frameworks */,
				3FB32F0F22293DBA0047E4F3 /* Resources */,
				3FB9128E225E4C4100F99A13 /* Embed Frameworks */,
			);
			buildRules = (
			);
			dependencies = (
				3FB9128D225E4C4100F99A13 /* PBXTargetDependency */,
			);
			name = DUO;
			productName = DUO;
			productReference = 3FB32F1122293DBA0047E4F3 /* DUO.app */;
			productType = "com.apple.product-type.application";
		};
		3FB32F2422293DBB0047E4F3 /* DUOTests */ = {
			isa = PBXNativeTarget;
			buildConfigurationList = 3FB32F3C22293DBB0047E4F3 /* Build configuration list for PBXNativeTarget "DUOTests" */;
			buildPhases = (
				3FB32F2122293DBB0047E4F3 /* Sources */,
				3FB32F2222293DBB0047E4F3 /* Frameworks */,
				3FB32F2322293DBB0047E4F3 /* Resources */,
			);
			buildRules = (
			);
			dependencies = (
				3FB32F2722293DBB0047E4F3 /* PBXTargetDependency */,
			);
			name = DUOTests;
			productName = DUOTests;
			productReference = 3FB32F2522293DBB0047E4F3 /* DUOTests.xctest */;
			productType = "com.apple.product-type.bundle.unit-test";
		};
		3FB32F2F22293DBB0047E4F3 /* DUOUITests */ = {
			isa = PBXNativeTarget;
			buildConfigurationList = 3FB32F3F22293DBB0047E4F3 /* Build configuration list for PBXNativeTarget "DUOUITests" */;
			buildPhases = (
				3FB32F2C22293DBB0047E4F3 /* Sources */,
				3FB32F2D22293DBB0047E4F3 /* Frameworks */,
				3FB32F2E22293DBB0047E4F3 /* Resources */,
			);
			buildRules = (
			);
			dependencies = (
				3FB32F3222293DBB0047E4F3 /* PBXTargetDependency */,
			);
			name = DUOUITests;
			productName = DUOUITests;
			productReference = 3FB32F3022293DBB0047E4F3 /* DUOUITests.xctest */;
			productType = "com.apple.product-type.bundle.ui-testing";
		};
/* End PBXNativeTarget section */

/* Begin PBXProject section */
		3FB32F0922293DBA0047E4F3 /* Project object */ = {
			isa = PBXProject;
			attributes = {
				LastSwiftUpdateCheck = 1010;
				LastUpgradeCheck = 1010;
				ORGANIZATIONNAME = Student;
				TargetAttributes = {
					3FB32F1022293DBA0047E4F3 = {
						CreatedOnToolsVersion = 10.1;
						SystemCapabilities = {
							com.apple.Maps.iOS = {
								enabled = 1;
							};
							com.apple.Push = {
								enabled = 1;
							};
						};
					};
					3FB32F2422293DBB0047E4F3 = {
						CreatedOnToolsVersion = 10.1;
						TestTargetID = 3FB32F1022293DBA0047E4F3;
					};
					3FB32F2F22293DBB0047E4F3 = {
						CreatedOnToolsVersion = 10.1;
						TestTargetID = 3FB32F1022293DBA0047E4F3;
					};
				};
			};
			buildConfigurationList = 3FB32F0C22293DBA0047E4F3 /* Build configuration list for PBXProject "DUO" */;
			compatibilityVersion = "Xcode 9.3";
			developmentRegion = en;
			hasScannedForEncodings = 0;
			knownRegions = (
				en,
				Base,
			);
			mainGroup = 3FB32F0822293DBA0047E4F3;
			productRefGroup = 3FB32F1222293DBA0047E4F3 /* Products */;
			projectDirPath = "";
			projectReferences = (
				{
					ProductGroup = 3FB91269225E4BD600F99A13 /* Products */;
					ProjectRef = 3FB91268225E4BD600F99A13 /* SQLite.xcodeproj */;
				},
			);
			projectRoot = "";
			targets = (
				3FB32F1022293DBA0047E4F3 /* DUO */,
				3FB32F2422293DBB0047E4F3 /* DUOTests */,
				3FB32F2F22293DBB0047E4F3 /* DUOUITests */,
			);
		};
/* End PBXProject section */

/* Begin PBXReferenceProxy section */
		3FB91273225E4BD600F99A13 /* SQLite.framework */ = {
			isa = PBXReferenceProxy;
			fileType = wrapper.framework;
			path = SQLite.framework;
			remoteRef = 3FB91272225E4BD600F99A13 /* PBXContainerItemProxy */;
			sourceTree = BUILT_PRODUCTS_DIR;
		};
		3FB91275225E4BD600F99A13 /* SQLiteTests iOS.xctest */ = {
			isa = PBXReferenceProxy;
			fileType = wrapper.cfbundle;
			path = "SQLiteTests iOS.xctest";
			remoteRef = 3FB91274225E4BD600F99A13 /* PBXContainerItemProxy */;
			sourceTree = BUILT_PRODUCTS_DIR;
		};
		3FB91277225E4BD600F99A13 /* SQLite.framework */ = {
			isa = PBXReferenceProxy;
			fileType = wrapper.framework;
			path = SQLite.framework;
			remoteRef = 3FB91276225E4BD600F99A13 /* PBXContainerItemProxy */;
			sourceTree = BUILT_PRODUCTS_DIR;
		};
		3FB91279225E4BD600F99A13 /* SQLiteTests Mac.xctest */ = {
			isa = PBXReferenceProxy;
			fileType = wrapper.cfbundle;
			path = "SQLiteTests Mac.xctest";
			remoteRef = 3FB91278225E4BD600F99A13 /* PBXContainerItemProxy */;
			sourceTree = BUILT_PRODUCTS_DIR;
		};
		3FB9127B225E4BD600F99A13 /* SQLite.framework */ = {
			isa = PBXReferenceProxy;
			fileType = wrapper.framework;
			path = SQLite.framework;
			remoteRef = 3FB9127A225E4BD600F99A13 /* PBXContainerItemProxy */;
			sourceTree = BUILT_PRODUCTS_DIR;
		};
		3FB9127D225E4BD600F99A13 /* SQLiteTests tvOS.xctest */ = {
			isa = PBXReferenceProxy;
			fileType = wrapper.cfbundle;
			path = "SQLiteTests tvOS.xctest";
			remoteRef = 3FB9127C225E4BD600F99A13 /* PBXContainerItemProxy */;
			sourceTree = BUILT_PRODUCTS_DIR;
		};
		3FB9127F225E4BD600F99A13 /* SQLite.framework */ = {
			isa = PBXReferenceProxy;
			fileType = wrapper.framework;
			path = SQLite.framework;
			remoteRef = 3FB9127E225E4BD600F99A13 /* PBXContainerItemProxy */;
			sourceTree = BUILT_PRODUCTS_DIR;
		};
/* End PBXReferenceProxy section */

/* Begin PBXResourcesBuildPhase section */
		3FB32F0F22293DBA0047E4F3 /* Resources */ = {
			isa = PBXResourcesBuildPhase;
			buildActionMask = 2147483647;
			files = (
				3FB32F1F22293DBB0047E4F3 /* LaunchScreen.storyboard in Resources */,
				3FB32F1C22293DBB0047E4F3 /* Assets.xcassets in Resources */,
				3FB32F1A22293DBA0047E4F3 /* Main.storyboard in Resources */,
			);
			runOnlyForDeploymentPostprocessing = 0;
		};
		3FB32F2322293DBB0047E4F3 /* Resources */ = {
			isa = PBXResourcesBuildPhase;
			buildActionMask = 2147483647;
			files = (
			);
			runOnlyForDeploymentPostprocessing = 0;
		};
		3FB32F2E22293DBB0047E4F3 /* Resources */ = {
			isa = PBXResourcesBuildPhase;
			buildActionMask = 2147483647;
			files = (
			);
			runOnlyForDeploymentPostprocessing = 0;
		};
/* End PBXResourcesBuildPhase section */

/* Begin PBXSourcesBuildPhase section */
		3FB32F0D22293DBA0047E4F3 /* Sources */ = {
			isa = PBXSourcesBuildPhase;
			buildActionMask = 2147483647;
			files = (
				3F1265E12233CE970080221F /* Weather.swift in Sources */,
				3FB32F1722293DBA0047E4F3 /* ViewController.swift in Sources */,
				3FB32F1522293DBA0047E4F3 /* AppDelegate.swift in Sources */,
				3FB9120E225DDEA700F99A13 /* Database.swift in Sources */,
				3F9CC97D2243908F0012EC9C /* ProductListController.swift in Sources */,
				3F1265E322340AF90080221F /* MapController.swift in Sources */,
				3F23E9E1223BE04800D0B447 /* Trips.swift in Sources */,
				3FCEF459224501FD008B3F74 /* CityPickerController.swift in Sources */,
				3F23E9D1223BA03900D0B447 /* TripsController.swift in Sources */,
				3F397624223D1AAC0032F80B /* TripAddController.swift in Sources */,
				3FB91290225E4D5F00F99A13 /* CountryListController.swift in Sources */,
				3F1265DF2233CBF70080221F /* WeatherController.swift in Sources */,
				3FCEF4572244DA9A008B3F74 /* TripDetailsController.swift in Sources */,
				3F397622223D0D6A0032F80B /* TripsCell.swift in Sources */,
				3F23E9D3223BA0D000D0B447 /* Trip.swift in Sources */,
				3F397626223D2DEE0032F80B /* CategoryPickerController.swift in Sources */,
			);
			runOnlyForDeploymentPostprocessing = 0;
		};
		3FB32F2122293DBB0047E4F3 /* Sources */ = {
			isa = PBXSourcesBuildPhase;
			buildActionMask = 2147483647;
			files = (
				3FB32F2A22293DBB0047E4F3 /* DUOTests.swift in Sources */,
			);
			runOnlyForDeploymentPostprocessing = 0;
		};
		3FB32F2C22293DBB0047E4F3 /* Sources */ = {
			isa = PBXSourcesBuildPhase;
			buildActionMask = 2147483647;
			files = (
				3FB32F3522293DBB0047E4F3 /* DUOUITests.swift in Sources */,
			);
			runOnlyForDeploymentPostprocessing = 0;
		};
/* End PBXSourcesBuildPhase section */

/* Begin PBXTargetDependency section */
		3FB32F2722293DBB0047E4F3 /* PBXTargetDependency */ = {
			isa = PBXTargetDependency;
			target = 3FB32F1022293DBA0047E4F3 /* DUO */;
			targetProxy = 3FB32F2622293DBB0047E4F3 /* PBXContainerItemProxy */;
		};
		3FB32F3222293DBB0047E4F3 /* PBXTargetDependency */ = {
			isa = PBXTargetDependency;
			target = 3FB32F1022293DBA0047E4F3 /* DUO */;
			targetProxy = 3FB32F3122293DBB0047E4F3 /* PBXContainerItemProxy */;
		};
		3FB9128D225E4C4100F99A13 /* PBXTargetDependency */ = {
			isa = PBXTargetDependency;
			name = "SQLite iOS";
			targetProxy = 3FB9128C225E4C4100F99A13 /* PBXContainerItemProxy */;
		};
/* End PBXTargetDependency section */

/* Begin PBXVariantGroup section */
		3FB32F1822293DBA0047E4F3 /* Main.storyboard */ = {
			isa = PBXVariantGroup;
			children = (
				3FB32F1922293DBA0047E4F3 /* Base */,
			);
			name = Main.storyboard;
			sourceTree = "<group>";
		};
		3FB32F1D22293DBB0047E4F3 /* LaunchScreen.storyboard */ = {
			isa = PBXVariantGroup;
			children = (
				3FB32F1E22293DBB0047E4F3 /* Base */,
			);
			name = LaunchScreen.storyboard;
			sourceTree = "<group>";
		};
/* End PBXVariantGroup section */

/* Begin XCBuildConfiguration section */
		3FB32F3722293DBB0047E4F3 /* Debug */ = {
			isa = XCBuildConfiguration;
			buildSettings = {
				ALWAYS_SEARCH_USER_PATHS = NO;
				CLANG_ANALYZER_NONNULL = YES;
				CLANG_ANALYZER_NUMBER_OBJECT_CONVERSION = YES_AGGRESSIVE;
				CLANG_CXX_LANGUAGE_STANDARD = "gnu++14";
				CLANG_CXX_LIBRARY = "libc++";
				CLANG_ENABLE_MODULES = YES;
				CLANG_ENABLE_OBJC_ARC = YES;
				CLANG_ENABLE_OBJC_WEAK = YES;
				CLANG_WARN_BLOCK_CAPTURE_AUTORELEASING = YES;
				CLANG_WARN_BOOL_CONVERSION = YES;
				CLANG_WARN_COMMA = YES;
				CLANG_WARN_CONSTANT_CONVERSION = YES;
				CLANG_WARN_DEPRECATED_OBJC_IMPLEMENTATIONS = YES;
				CLANG_WARN_DIRECT_OBJC_ISA_USAGE = YES_ERROR;
				CLANG_WARN_DOCUMENTATION_COMMENTS = YES;
				CLANG_WARN_EMPTY_BODY = YES;
				CLANG_WARN_ENUM_CONVERSION = YES;
				CLANG_WARN_INFINITE_RECURSION = YES;
				CLANG_WARN_INT_CONVERSION = YES;
				CLANG_WARN_NON_LITERAL_NULL_CONVERSION = YES;
				CLANG_WARN_OBJC_IMPLICIT_RETAIN_SELF = YES;
				CLANG_WARN_OBJC_LITERAL_CONVERSION = YES;
				CLANG_WARN_OBJC_ROOT_CLASS = YES_ERROR;
				CLANG_WARN_RANGE_LOOP_ANALYSIS = YES;
				CLANG_WARN_STRICT_PROTOTYPES = YES;
				CLANG_WARN_SUSPICIOUS_MOVE = YES;
				CLANG_WARN_UNGUARDED_AVAILABILITY = YES_AGGRESSIVE;
				CLANG_WARN_UNREACHABLE_CODE = YES;
				CLANG_WARN__DUPLICATE_METHOD_MATCH = YES;
				CODE_SIGN_IDENTITY = "iPhone Developer";
				COPY_PHASE_STRIP = NO;
				DEBUG_INFORMATION_FORMAT = dwarf;
				ENABLE_STRICT_OBJC_MSGSEND = YES;
				ENABLE_TESTABILITY = YES;
				GCC_C_LANGUAGE_STANDARD = gnu11;
				GCC_DYNAMIC_NO_PIC = NO;
				GCC_NO_COMMON_BLOCKS = YES;
				GCC_OPTIMIZATION_LEVEL = 0;
				GCC_PREPROCESSOR_DEFINITIONS = (
					"DEBUG=1",
					"$(inherited)",
				);
				GCC_WARN_64_TO_32_BIT_CONVERSION = YES;
				GCC_WARN_ABOUT_RETURN_TYPE = YES_ERROR;
				GCC_WARN_UNDECLARED_SELECTOR = YES;
				GCC_WARN_UNINITIALIZED_AUTOS = YES_AGGRESSIVE;
				GCC_WARN_UNUSED_FUNCTION = YES;
				GCC_WARN_UNUSED_VARIABLE = YES;
				IPHONEOS_DEPLOYMENT_TARGET = 12.1;
				MTL_ENABLE_DEBUG_INFO = INCLUDE_SOURCE;
				MTL_FAST_MATH = YES;
				ONLY_ACTIVE_ARCH = YES;
				SDKROOT = iphoneos;
				SWIFT_ACTIVE_COMPILATION_CONDITIONS = DEBUG;
				SWIFT_OPTIMIZATION_LEVEL = "-Onone";
			};
			name = Debug;
		};
		3FB32F3822293DBB0047E4F3 /* Release */ = {
			isa = XCBuildConfiguration;
			buildSettings = {
				ALWAYS_SEARCH_USER_PATHS = NO;
				CLANG_ANALYZER_NONNULL = YES;
				CLANG_ANALYZER_NUMBER_OBJECT_CONVERSION = YES_AGGRESSIVE;
				CLANG_CXX_LANGUAGE_STANDARD = "gnu++14";
				CLANG_CXX_LIBRARY = "libc++";
				CLANG_ENABLE_MODULES = YES;
				CLANG_ENABLE_OBJC_ARC = YES;
				CLANG_ENABLE_OBJC_WEAK = YES;
				CLANG_WARN_BLOCK_CAPTURE_AUTORELEASING = YES;
				CLANG_WARN_BOOL_CONVERSION = YES;
				CLANG_WARN_COMMA = YES;
				CLANG_WARN_CONSTANT_CONVERSION = YES;
				CLANG_WARN_DEPRECATED_OBJC_IMPLEMENTATIONS = YES;
				CLANG_WARN_DIRECT_OBJC_ISA_USAGE = YES_ERROR;
				CLANG_WARN_DOCUMENTATION_COMMENTS = YES;
				CLANG_WARN_EMPTY_BODY = YES;
				CLANG_WARN_ENUM_CONVERSION = YES;
				CLANG_WARN_INFINITE_RECURSION = YES;
				CLANG_WARN_INT_CONVERSION = YES;
				CLANG_WARN_NON_LITERAL_NULL_CONVERSION = YES;
				CLANG_WARN_OBJC_IMPLICIT_RETAIN_SELF = YES;
				CLANG_WARN_OBJC_LITERAL_CONVERSION = YES;
				CLANG_WARN_OBJC_ROOT_CLASS = YES_ERROR;
				CLANG_WARN_RANGE_LOOP_ANALYSIS = YES;
				CLANG_WARN_STRICT_PROTOTYPES = YES;
				CLANG_WARN_SUSPICIOUS_MOVE = YES;
				CLANG_WARN_UNGUARDED_AVAILABILITY = YES_AGGRESSIVE;
				CLANG_WARN_UNREACHABLE_CODE = YES;
				CLANG_WARN__DUPLICATE_METHOD_MATCH = YES;
				CODE_SIGN_IDENTITY = "iPhone Developer";
				COPY_PHASE_STRIP = NO;
				DEBUG_INFORMATION_FORMAT = "dwarf-with-dsym";
				ENABLE_NS_ASSERTIONS = NO;
				ENABLE_STRICT_OBJC_MSGSEND = YES;
				GCC_C_LANGUAGE_STANDARD = gnu11;
				GCC_NO_COMMON_BLOCKS = YES;
				GCC_WARN_64_TO_32_BIT_CONVERSION = YES;
				GCC_WARN_ABOUT_RETURN_TYPE = YES_ERROR;
				GCC_WARN_UNDECLARED_SELECTOR = YES;
				GCC_WARN_UNINITIALIZED_AUTOS = YES_AGGRESSIVE;
				GCC_WARN_UNUSED_FUNCTION = YES;
				GCC_WARN_UNUSED_VARIABLE = YES;
				IPHONEOS_DEPLOYMENT_TARGET = 12.1;
				MTL_ENABLE_DEBUG_INFO = NO;
				MTL_FAST_MATH = YES;
				SDKROOT = iphoneos;
				SWIFT_COMPILATION_MODE = wholemodule;
				SWIFT_OPTIMIZATION_LEVEL = "-O";
				VALIDATE_PRODUCT = YES;
			};
			name = Release;
		};
		3FB32F3A22293DBB0047E4F3 /* Debug */ = {
			isa = XCBuildConfiguration;
			buildSettings = {
				ALWAYS_EMBED_SWIFT_STANDARD_LIBRARIES = YES;
				ASSETCATALOG_COMPILER_APPICON_NAME = AppIcon;
				CODE_SIGN_ENTITLEMENTS = DUO/DUO.entitlements;
				CODE_SIGN_STYLE = Automatic;
				DEVELOPMENT_TEAM = "";
				INFOPLIST_FILE = DUO/Info.plist;
				IPHONEOS_DEPLOYMENT_TARGET = 12.0;
				LD_RUNPATH_SEARCH_PATHS = (
					"$(inherited)",
					"@executable_path/Frameworks",
				);
				PRODUCT_BUNDLE_IDENTIFIER = maps.DUO;
				PRODUCT_NAME = "$(TARGET_NAME)";
				SWIFT_VERSION = 4.2;
				TARGETED_DEVICE_FAMILY = "1,2";
			};
			name = Debug;
		};
		3FB32F3B22293DBB0047E4F3 /* Release */ = {
			isa = XCBuildConfiguration;
			buildSettings = {
				ALWAYS_EMBED_SWIFT_STANDARD_LIBRARIES = YES;
				ASSETCATALOG_COMPILER_APPICON_NAME = AppIcon;
				CODE_SIGN_ENTITLEMENTS = DUO/DUO.entitlements;
				CODE_SIGN_STYLE = Automatic;
				DEVELOPMENT_TEAM = "";
				INFOPLIST_FILE = DUO/Info.plist;
				IPHONEOS_DEPLOYMENT_TARGET = 12.0;
				LD_RUNPATH_SEARCH_PATHS = (
					"$(inherited)",
					"@executable_path/Frameworks",
				);
				PRODUCT_BUNDLE_IDENTIFIER = maps.DUO;
				PRODUCT_NAME = "$(TARGET_NAME)";
				SWIFT_VERSION = 4.2;
				TARGETED_DEVICE_FAMILY = "1,2";
			};
			name = Release;
		};
		3FB32F3D22293DBB0047E4F3 /* Debug */ = {
			isa = XCBuildConfiguration;
			buildSettings = {
				ALWAYS_EMBED_SWIFT_STANDARD_LIBRARIES = YES;
				BUNDLE_LOADER = "$(TEST_HOST)";
				CODE_SIGN_STYLE = Automatic;
				INFOPLIST_FILE = DUOTests/Info.plist;
				LD_RUNPATH_SEARCH_PATHS = (
					"$(inherited)",
					"@executable_path/Frameworks",
					"@loader_path/Frameworks",
				);
				PRODUCT_BUNDLE_IDENTIFIER = maps.DUOTests;
				PRODUCT_NAME = "$(TARGET_NAME)";
				SWIFT_VERSION = 4.2;
				TARGETED_DEVICE_FAMILY = "1,2";
				TEST_HOST = "$(BUILT_PRODUCTS_DIR)/DUO.app/DUO";
			};
			name = Debug;
		};
		3FB32F3E22293DBB0047E4F3 /* Release */ = {
			isa = XCBuildConfiguration;
			buildSettings = {
				ALWAYS_EMBED_SWIFT_STANDARD_LIBRARIES = YES;
				BUNDLE_LOADER = "$(TEST_HOST)";
				CODE_SIGN_STYLE = Automatic;
				INFOPLIST_FILE = DUOTests/Info.plist;
				LD_RUNPATH_SEARCH_PATHS = (
					"$(inherited)",
					"@executable_path/Frameworks",
					"@loader_path/Frameworks",
				);
				PRODUCT_BUNDLE_IDENTIFIER = maps.DUOTests;
				PRODUCT_NAME = "$(TARGET_NAME)";
				SWIFT_VERSION = 4.2;
				TARGETED_DEVICE_FAMILY = "1,2";
				TEST_HOST = "$(BUILT_PRODUCTS_DIR)/DUO.app/DUO";
			};
			name = Release;
		};
		3FB32F4022293DBB0047E4F3 /* Debug */ = {
			isa = XCBuildConfiguration;
			buildSettings = {
				ALWAYS_EMBED_SWIFT_STANDARD_LIBRARIES = YES;
				CODE_SIGN_STYLE = Automatic;
				INFOPLIST_FILE = DUOUITests/Info.plist;
				LD_RUNPATH_SEARCH_PATHS = (
					"$(inherited)",
					"@executable_path/Frameworks",
					"@loader_path/Frameworks",
				);
				PRODUCT_BUNDLE_IDENTIFIER = maps.DUOUITests;
				PRODUCT_NAME = "$(TARGET_NAME)";
				SWIFT_VERSION = 4.2;
				TARGETED_DEVICE_FAMILY = "1,2";
				TEST_TARGET_NAME = DUO;
			};
			name = Debug;
		};
		3FB32F4122293DBB0047E4F3 /* Release */ = {
			isa = XCBuildConfiguration;
			buildSettings = {
				ALWAYS_EMBED_SWIFT_STANDARD_LIBRARIES = YES;
				CODE_SIGN_STYLE = Automatic;
				INFOPLIST_FILE = DUOUITests/Info.plist;
				LD_RUNPATH_SEARCH_PATHS = (
					"$(inherited)",
					"@executable_path/Frameworks",
					"@loader_path/Frameworks",
				);
				PRODUCT_BUNDLE_IDENTIFIER = maps.DUOUITests;
				PRODUCT_NAME = "$(TARGET_NAME)";
				SWIFT_VERSION = 4.2;
				TARGETED_DEVICE_FAMILY = "1,2";
				TEST_TARGET_NAME = DUO;
			};
			name = Release;
		};
/* End XCBuildConfiguration section */

/* Begin XCConfigurationList section */
		3FB32F0C22293DBA0047E4F3 /* Build configuration list for PBXProject "DUO" */ = {
			isa = XCConfigurationList;
			buildConfigurations = (
				3FB32F3722293DBB0047E4F3 /* Debug */,
				3FB32F3822293DBB0047E4F3 /* Release */,
			);
			defaultConfigurationIsVisible = 0;
			defaultConfigurationName = Release;
		};
		3FB32F3922293DBB0047E4F3 /* Build configuration list for PBXNativeTarget "DUO" */ = {
			isa = XCConfigurationList;
			buildConfigurations = (
				3FB32F3A22293DBB0047E4F3 /* Debug */,
				3FB32F3B22293DBB0047E4F3 /* Release */,
			);
			defaultConfigurationIsVisible = 0;
			defaultConfigurationName = Release;
		};
		3FB32F3C22293DBB0047E4F3 /* Build configuration list for PBXNativeTarget "DUOTests" */ = {
			isa = XCConfigurationList;
			buildConfigurations = (
				3FB32F3D22293DBB0047E4F3 /* Debug */,
				3FB32F3E22293DBB0047E4F3 /* Release */,
			);
			defaultConfigurationIsVisible = 0;
			defaultConfigurationName = Release;
		};
		3FB32F3F22293DBB0047E4F3 /* Build configuration list for PBXNativeTarget "DUOUITests" */ = {
			isa = XCConfigurationList;
			buildConfigurations = (
				3FB32F4022293DBB0047E4F3 /* Debug */,
				3FB32F4122293DBB0047E4F3 /* Release */,
			);
			defaultConfigurationIsVisible = 0;
			defaultConfigurationName = Release;
		};
/* End XCConfigurationList section */
	};
	rootObject = 3FB32F0922293DBA0047E4F3 /* Project object */;
}
